
Microsoft Visual Studio Solution File, Format Version 12.00
# Visual Studio Version 17
VisualStudioVersion = 17.2.32505.173
MinimumVisualStudioVersion = 10.0.40219.1
Project("{FAE04EC0-301F-11D3-BF4B-00C04F79EFBC}") = "ScrapeBilbasen", "ScrapeBilbasen\ScrapeBilbasen.csproj", "{EEE6A993-B45C-47A7-A08B-7D03A579457E}"
EndProject
Global
	GlobalSection(SolutionConfigurationPlatforms) = preSolution
		Debug|Any CPU = Debug|Any CPU
		Release|Any CPU = Release|Any CPU
	EndGlobalSection
	GlobalSection(ProjectConfigurationPlatforms) = postSolution
		{EEE6A993-B45C-47A7-A08B-7D03A579457E}.Debug|Any CPU.ActiveCfg = Debug|Any CPU
		{EEE6A993-B45C-47A7-A08B-7D03A579457E}.Debug|Any CPU.Build.0 = Debug|Any CPU
		{EEE6A993-B45C-47A7-A08B-7D03A579457E}.Release|Any CPU.ActiveCfg = Release|Any CPU
		{EEE6A993-B45C-47A7-A08B-7D03A579457E}.Release|Any CPU.Build.0 = Release|Any CPU
	EndGlobalSection
	GlobalSection(SolutionProperties) = preSolution
		HideSolutionNode = FALSE
	EndGlobalSection
	GlobalSection(ExtensibilityGlobals) = postSolution
		SolutionGuid = {7975E2FC-58C7-447F-A132-D0FA5ACDB1AE}
	EndGlobalSection
EndGlobal
